Microsoft Visual Studio Solution File, Format Version 12.00
# Visual Studio Version 17
VisualStudioVersion = 17.5.2.0
MinimumVisualStudioVersion = 10.0.40219.1
Project("{2150E333-8FDC-42A3-9474-1A3956D46DE8}") = "craftx-stack", "craftx-stack", "{BACEB5B5-284A-C279-8772-76C9EB0FD181}"
EndProject
Project("{2150E333-8FDC-42A3-9474-1A3956D46DE8}") = "tools", "tools", "{7A4D0331-28A7-2E64-25DB-D621551FADD8}"
EndProject
Project("{FAE04EC0-301F-11D3-BF4B-00C04F79EFBC}") = "EthVerify", "craftx-stack\tools\ethverify\EthVerify.csproj", "{AA88FB07-6CC5-04C9-DA78-3C0D2D252213}"
EndProject
Global
	GlobalSection(SolutionConfigurationPlatforms) = preSolution
		Debug|Any CPU = Debug|Any CPU
		Release|Any CPU = Release|Any CPU
	EndGlobalSection
	GlobalSection(ProjectConfigurationPlatforms) = postSolution
		{AA88FB07-6CC5-04C9-DA78-3C0D2D252213}.Debug|Any CPU.ActiveCfg = Debug|Any CPU
		{AA88FB07-6CC5-04C9-DA78-3C0D2D252213}.Debug|Any CPU.Build.0 = Debug|Any CPU
		{AA88FB07-6CC5-04C9-DA78-3C0D2D252213}.Release|Any CPU.ActiveCfg = Release|Any CPU
		{AA88FB07-6CC5-04C9-DA78-3C0D2D252213}.Release|Any CPU.Build.0 = Release|Any CPU
	EndGlobalSection
	GlobalSection(SolutionProperties) = preSolution
		HideSolutionNode = FALSE
	EndGlobalSection
	GlobalSection(NestedProjects) = preSolution
		{7A4D0331-28A7-2E64-25DB-D621551FADD8} = {BACEB5B5-284A-C279-8772-76C9EB0FD181}
		{AA88FB07-6CC5-04C9-DA78-3C0D2D252213} = {7A4D0331-28A7-2E64-25DB-D621551FADD8}
	EndGlobalSection
	GlobalSection(ExtensibilityGlobals) = postSolution
		SolutionGuid = {049F7586-EB9B-4575-8BAC-0B07979347EB}
	EndGlobalSection
EndGlobal
